
Microsoft Visual Studio Solution File, Format Version 12.00
# Visual Studio Version 17
VisualStudioVersion = 17.14.37516.0 d17.14
MinimumVisualStudioVersion = 10.0.40219.1
Project("{FAE04EC0-301F-11D3-BF4B-00C04F79EFBC}") = "LockPilot", "LockPilot\LockPilot.csproj", "{355E455F-32C7-4C56-A6F2-1A81E46EA2EB}"
EndProject
Global
	GlobalSection(SolutionConfigurationPlatforms) = preSolution
		Debug|Any CPU = Debug|Any CPU
		Release|Any CPU = Release|Any CPU
	EndGlobalSection
	GlobalSection(ProjectConfigurationPlatforms) = postSolution
		{355E455F-32C7-4C56-A6F2-1A81E46EA2EB}.Debug|Any CPU.ActiveCfg = Debug|Any CPU
		{355E455F-32C7-4C56-A6F2-1A81E46EA2EB}.Debug|Any CPU.Build.0 = Debug|Any CPU
		{355E455F-32C7-4C56-A6F2-1A81E46EA2EB}.Release|Any CPU.ActiveCfg = Release|Any CPU
		{355E455F-32C7-4C56-A6F2-1A81E46EA2EB}.Release|Any CPU.Build.0 = Release|Any CPU
	EndGlobalSection
	GlobalSection(SolutionProperties) = preSolution
		HideSolutionNode = FALSE
	EndGlobalSection
	GlobalSection(ExtensibilityGlobals) = postSolution
		SolutionGuid = {0A2988AB-BFB0-4848-9A37-72B09C5E1D23}
	EndGlobalSection
EndGlobal
